
Microsoft Visual Studio Solution File, Format Version 12.00
# Visual Studio Version 16
VisualStudioVersion = 16.0.29926.136
MinimumVisualStudioVersion = 10.0.40219.1
Project("{FAE04EC0-301F-11D3-BF4B-00C04F79EFBC}") = "DeLozerkermisVrienden.Organizer.API", "DeLozerkermisVrienden.Organizer.API\DeLozerkermisVrienden.Organizer.API.csproj", "{03DF9C48-34E0-44CC-9380-B458C4F0CFEE}"
EndProject
Global
	GlobalSection(SolutionConfigurationPlatforms) = preSolution
		Debug|Any CPU = Debug|Any CPU
		Release|Any CPU = Release|Any CPU
	EndGlobalSection
	GlobalSection(ProjectConfigurationPlatforms) = postSolution
		{03DF9C48-34E0-44CC-9380-B458C4F0CFEE}.Debug|Any CPU.ActiveCfg = Debug|Any CPU
		{03DF9C48-34E0-44CC-9380-B458C4F0CFEE}.Debug|Any CPU.Build.0 = Debug|Any CPU
		{03DF9C48-34E0-44CC-9380-B458C4F0CFEE}.Release|Any CPU.ActiveCfg = Release|Any CPU
		{03DF9C48-34E0-44CC-9380-B458C4F0CFEE}.Release|Any CPU.Build.0 = Release|Any CPU
	EndGlobalSection
	GlobalSection(SolutionProperties) = preSolution
		HideSolutionNode = FALSE
	EndGlobalSection
	GlobalSection(ExtensibilityGlobals) = postSolution
		SolutionGuid = {AE94442F-9CD0-4B92-B6C1-7BF3FA608E8B}
	EndGlobalSection
EndGlobal
